
Microsoft Visual Studio Solution File, Format Version 12.00
# Visual Studio 2017
Project("{FAE04EC0-301F-11D3-BF4B-00C04F79EFBC}") = "Miss Ways", "Miss Ways.csproj", "{A562FEC4-E2AC-740C-BAA7-7F578221E8E9}"
EndProject
Project("{FAE04EC0-301F-11D3-BF4B-00C04F79EFBC}") = "Miss Ways", "Miss Ways.csproj", "{A562FEC4-E2AC-740C-BAA7-7F578221E8E9}"
EndProject
Project("{FAE04EC0-301F-11D3-BF4B-00C04F79EFBC}") = "Miss Ways.Plugins", "Miss Ways.Plugins.csproj", "{3FB15A8C-3E1A-DCF8-9E36-4951C82A989F}"
EndProject
Project("{FAE04EC0-301F-11D3-BF4B-00C04F79EFBC}") = "Miss Ways.Editor", "Miss Ways.Editor.csproj", "{63A33239-E05B-8EE6-0FBF-4A14DA1CCD7D}"
EndProject
Project("{FAE04EC0-301F-11D3-BF4B-00C04F79EFBC}") = "Miss Ways.Editor", "Miss Ways.Editor.csproj", "{63A33239-E05B-8EE6-0FBF-4A14DA1CCD7D}"
EndProject
Project("{FAE04EC0-301F-11D3-BF4B-00C04F79EFBC}") = "Miss Ways.Editor", "Miss Ways.Editor.csproj", "{63A33239-E05B-8EE6-0FBF-4A14DA1CCD7D}"
EndProject
Project("{FAE04EC0-301F-11D3-BF4B-00C04F79EFBC}") = "Miss Ways.Editor", "Miss Ways.Editor.csproj", "{63A33239-E05B-8EE6-0FBF-4A14DA1CCD7D}"
EndProject
Project("{FAE04EC0-301F-11D3-BF4B-00C04F79EFBC}") = "Miss Ways.Editor.Plugins", "Miss Ways.Editor.Plugins.csproj", "{83D0E4A3-9F49-0554-205D-1FE3321D4AA4}"
EndProject
Global
	GlobalSection(SolutionConfigurationPlatforms) = preSolution
		Debug|Any CPU = Debug|Any CPU
		Release|Any CPU = Release|Any CPU
	EndGlobalSection
	GlobalSection(ProjectConfigurationPlatforms) = postSolution
		{A562FEC4-E2AC-740C-BAA7-7F578221E8E9}.Debug|Any CPU.ActiveCfg = Debug|Any CPU
		{A562FEC4-E2AC-740C-BAA7-7F578221E8E9}.Debug|Any CPU.Build.0 = Debug|Any CPU
		{A562FEC4-E2AC-740C-BAA7-7F578221E8E9}.Release|Any CPU.ActiveCfg = Release|Any CPU
		{A562FEC4-E2AC-740C-BAA7-7F578221E8E9}.Release|Any CPU.Build.0 = Release|Any CPU
		{A562FEC4-E2AC-740C-BAA7-7F578221E8E9}.Debug|Any CPU.ActiveCfg = Debug|Any CPU
		{A562FEC4-E2AC-740C-BAA7-7F578221E8E9}.Debug|Any CPU.Build.0 = Debug|Any CPU
		{A562FEC4-E2AC-740C-BAA7-7F578221E8E9}.Release|Any CPU.ActiveCfg = Release|Any CPU
		{A562FEC4-E2AC-740C-BAA7-7F578221E8E9}.Release|Any CPU.Build.0 = Release|Any CPU
		{3FB15A8C-3E1A-DCF8-9E36-4951C82A989F}.Debug|Any CPU.ActiveCfg = Debug|Any CPU
		{3FB15A8C-3E1A-DCF8-9E36-4951C82A989F}.Debug|Any CPU.Build.0 = Debug|Any CPU
		{3FB15A8C-3E1A-DCF8-9E36-4951C82A989F}.Release|Any CPU.ActiveCfg = Release|Any CPU
		{3FB15A8C-3E1A-DCF8-9E36-4951C82A989F}.Release|Any CPU.Build.0 = Release|Any CPU
		{63A33239-E05B-8EE6-0FBF-4A14DA1CCD7D}.Debug|Any CPU.ActiveCfg = Debug|Any CPU
		{63A33239-E05B-8EE6-0FBF-4A14DA1CCD7D}.Debug|Any CPU.Build.0 = Debug|Any CPU
		{63A33239-E05B-8EE6-0FBF-4A14DA1CCD7D}.Release|Any CPU.ActiveCfg = Release|Any CPU
		{63A33239-E05B-8EE6-0FBF-4A14DA1CCD7D}.Release|Any CPU.Build.0 = Release|Any CPU
		{63A33239-E05B-8EE6-0FBF-4A14DA1CCD7D}.Debug|Any CPU.ActiveCfg = Debug|Any CPU
		{63A33239-E05B-8EE6-0FBF-4A14DA1CCD7D}.Debug|Any CPU.Build.0 = Debug|Any CPU
		{63A33239-E05B-8EE6-0FBF-4A14DA1CCD7D}.Release|Any CPU.ActiveCfg = Release|Any CPU
		{63A33239-E05B-8EE6-0FBF-4A14DA1CCD7D}.Release|Any CPU.Build.0 = Release|Any CPU
		{63A33239-E05B-8EE6-0FBF-4A14DA1CCD7D}.Debug|Any CPU.ActiveCfg = Debug|Any CPU
		{63A33239-E05B-8EE6-0FBF-4A14DA1CCD7D}.Debug|Any CPU.Build.0 = Debug|Any CPU
		{63A33239-E05B-8EE6-0FBF-4A14DA1CCD7D}.Release|Any CPU.ActiveCfg = Release|Any CPU
		{63A33239-E05B-8EE6-0FBF-4A14DA1CCD7D}.Release|Any CPU.Build.0 = Release|Any CPU
		{63A33239-E05B-8EE6-0FBF-4A14DA1CCD7D}.Debug|Any CPU.ActiveCfg = Debug|Any CPU
		{63A33239-E05B-8EE6-0FBF-4A14DA1CCD7D}.Debug|Any CPU.Build.0 = Debug|Any CPU
		{63A33239-E05B-8EE6-0FBF-4A14DA1CCD7D}.Release|Any CPU.ActiveCfg = Release|Any CPU
		{63A33239-E05B-8EE6-0FBF-4A14DA1CCD7D}.Release|Any CPU.Build.0 = Release|Any CPU
		{83D0E4A3-9F49-0554-205D-1FE3321D4AA4}.Debug|Any CPU.ActiveCfg = Debug|Any CPU
		{83D0E4A3-9F49-0554-205D-1FE3321D4AA4}.Debug|Any CPU.Build.0 = Debug|Any CPU
		{83D0E4A3-9F49-0554-205D-1FE3321D4AA4}.Release|Any CPU.ActiveCfg = Release|Any CPU
		{83D0E4A3-9F49-0554-205D-1FE3321D4AA4}.Release|Any CPU.Build.0 = Release|Any CPU
	EndGlobalSection
	GlobalSection(SolutionProperties) = preSolution
		HideSolutionNode = FALSE
	EndGlobalSection
EndGlobal
